// !$*UTF8*$!
{
	archiveVersion = 1;
	classes = {
	};
	objectVersion = 55;
	objects = {

/* Begin PBXBuildFile section */
		70112BE028A3E05800F4AC5D /* deezer_chartApp.swift in Sources */ = {isa = PBXBuildFile; fileRef = 70112BDF28A3E05800F4AC5D /* deezer_chartApp.swift */; };
		70112BE228A3E05800F4AC5D /* ContentView.swift in Sources */ = {isa = PBXBuildFile; fileRef = 70112BE128A3E05800F4AC5D /* ContentView.swift */; };
		70112BE428A3E05C00F4AC5D /* Assets.xcassets in Resources */ = {isa = PBXBuildFile; fileRef = 70112BE328A3E05C00F4AC5D /* Assets.xcassets */; };
		70112BE728A3E05C00F4AC5D /* Preview Assets.xcassets in Resources */ = {isa = PBXBuildFile; fileRef = 70112BE628A3E05C00F4AC5D /* Preview Assets.xcassets */; };
		70112BEE28A3E1F300F4AC5D /* DeezerAPI.swift in Sources */ = {isa = PBXBuildFile; fileRef = 70112BED28A3E1F300F4AC5D /* DeezerAPI.swift */; };
		70112BF028A3E2A700F4AC5D /* ExtensionTimeInterval.swift in Sources */ = {isa = PBXBuildFile; fileRef = 70112BEF28A3E2A700F4AC5D /* ExtensionTimeInterval.swift */; };
		70112BF328A3E30100F4AC5D /* Structures.swift in Sources */ = {isa = PBXBuildFile; fileRef = 70112BF228A3E30100F4AC5D /* Structures.swift */; };
		E0E9F97B9AE7E6F58B5F7F4F /* Pods_deezer_chart.framework in Frameworks */ = {isa = PBXBuildFile; fileRef = A93FA5850F4F06C258FDA99E /* Pods_deezer_chart.framework */; };
/* End PBXBuildFile section */

/* Begin PBXFileReference section */
		70112BDC28A3E05800F4AC5D /* deezer-chart.app */ = {isa = PBXFileReference; explicitFileType = wrapper.application; includeInIndex = 0; path = "deezer-chart.app"; sourceTree = BUILT_PRODUCTS_DIR; };
		70112BDF28A3E05800F4AC5D /* deezer_chartApp.swift */ = {isa = PBXFileReference; lastKnownFileType = sourcecode.swift; path = deezer_chartApp.swift; sourceTree = "<group>"; };
		70112BE128A3E05800F4AC5D /* ContentView.swift */ = {isa = PBXFileReference; lastKnownFileType = sourcecode.swift; path = ContentView.swift; sourceTree = "<group>"; };
		70112BE328A3E05C00F4AC5D /* Assets.xcassets */ = {isa = PBXFileReference; lastKnownFileType = folder.assetcatalog; path = Assets.xcassets; sourceTree = "<group>"; };
		70112BE628A3E05C00F4AC5D /* Preview Assets.xcassets */ = {isa = PBXFileReference; lastKnownFileType = folder.assetcatalog; path = "Preview Assets.xcassets"; sourceTree = "<group>"; };
		70112BED28A3E1F300F4AC5D /* DeezerAPI.swift */ = {isa = PBXFileReference; lastKnownFileType = sourcecode.swift; path = DeezerAPI.swift; sourceTree = "<group>"; };
		70112BEF28A3E2A700F4AC5D /* ExtensionTimeInterval.swift */ = {isa = PBXFileReference; lastKnownFileType = sourcecode.swift; path = ExtensionTimeInterval.swift; sourceTree = "<group>"; };
		70112BF228A3E30100F4AC5D /* Structures.swift */ = {isa = PBXFileReference; lastKnownFileType = sourcecode.swift; path = Structures.swift; sourceTree = "<group>"; };
		7B2A72979C68348E301DF6A8 /* Pods-deezer-chart.release.xcconfig */ = {isa = PBXFileReference; includeInIndex = 1; lastKnownFileType = text.xcconfig; name = "Pods-deezer-chart.release.xcconfig"; path = "Target Support Files/Pods-deezer-chart/Pods-deezer-chart.release.xcconfig"; sourceTree = "<group>"; };
		A93FA5850F4F06C258FDA99E /* Pods_deezer_chart.framework */ = {isa = PBXFileReference; explicitFileType = wrapper.framework; includeInIndex = 0; path = Pods_deezer_chart.framework; sourceTree = BUILT_PRODUCTS_DIR; };
		AD19B87C52FF2B41A8C8AF98 /* Pods-deezer-chart.debug.xcconfig */ = {isa = PBXFileReference; includeInIndex = 1; lastKnownFileType = text.xcconfig; name = "Pods-deezer-chart.debug.xcconfig"; path = "Target Support Files/Pods-deezer-chart/Pods-deezer-chart.debug.xcconfig"; sourceTree = "<group>"; };
/* End PBXFileReference section */

/* Begin PBXFrameworksBuildPhase section */
		70112BD928A3E05800F4AC5D /* Frameworks */ = {
			isa = PBXFrameworksBuildPhase;
			buildActionMask = 2147483647;
			files = (
				E0E9F97B9AE7E6F58B5F7F4F /* Pods_deezer_chart.framework in Frameworks */,
			);
			runOnlyForDeploymentPostprocessing = 0;
		};
/* End PBXFrameworksBuildPhase section */

/* Begin PBXGroup section */
		137C68461BBE12A9747D5716 /* Frameworks */ = {
			isa = PBXGroup;
			children = (
				A93FA5850F4F06C258FDA99E /* Pods_deezer_chart.framework */,
			);
			name = Frameworks;
			sourceTree = "<group>";
		};
		70112BD328A3E05800F4AC5D = {
			isa = PBXGroup;
			children = (
				70112BDE28A3E05800F4AC5D /* deezer-chart */,
				70112BDD28A3E05800F4AC5D /* Products */,
				A0D3A2204AF73B87068BEFD3 /* Pods */,
				137C68461BBE12A9747D5716 /* Frameworks */,
			);
			sourceTree = "<group>";
		};
		70112BDD28A3E05800F4AC5D /* Products */ = {
			isa = PBXGroup;
			children = (
				70112BDC28A3E05800F4AC5D /* deezer-chart.app */,
			);
			name = Products;
			sourceTree = "<group>";
		};
		70112BDE28A3E05800F4AC5D /* deezer-chart */ = {
			isa = PBXGroup;
			children = (
				70112BDF28A3E05800F4AC5D /* deezer_chartApp.swift */,
				70112BF228A3E30100F4AC5D /* Structures.swift */,
				70112BE128A3E05800F4AC5D /* ContentView.swift */,
				70112BED28A3E1F300F4AC5D /* DeezerAPI.swift */,
				70112BEF28A3E2A700F4AC5D /* ExtensionTimeInterval.swift */,
				70112BE328A3E05C00F4AC5D /* Assets.xcassets */,
				70112BE528A3E05C00F4AC5D /* Preview Content */,
			);
			path = "deezer-chart";
			sourceTree = "<group>";
		};
		70112BE528A3E05C00F4AC5D /* Preview Content */ = {
			isa = PBXGroup;
			children = (
				70112BE628A3E05C00F4AC5D /* Preview Assets.xcassets */,
			);
			path = "Preview Content";
			sourceTree = "<group>";
		};
		A0D3A2204AF73B87068BEFD3 /* Pods */ = {
			isa = PBXGroup;
			children = (
				AD19B87C52FF2B41A8C8AF98 /* Pods-deezer-chart.debug.xcconfig */,
				7B2A72979C68348E301DF6A8 /* Pods-deezer-chart.release.xcconfig */,
			);
			path = Pods;
			sourceTree = "<group>";
		};
/* End PBXGroup section */

/* Begin PBXNativeTarget section */
		70112BDB28A3E05800F4AC5D /* deezer-chart */ = {
			isa = PBXNativeTarget;
			buildConfigurationList = 70112BEA28A3E05C00F4AC5D /* Build configuration list for PBXNativeTarget "deezer-chart" */;
			buildPhases = (
				EFC63840525FCB5F50C740E0 /* [CP] Check Pods Manifest.lock */,
				70112BD828A3E05800F4AC5D /* Sources */,
				70112BD928A3E05800F4AC5D /* Frameworks */,
				70112BDA28A3E05800F4AC5D /* Resources */,
				F7C6CA578A04CAF0D9FA94BA /* [CP] Embed Pods Frameworks */,
			);
			buildRules = (
			);
			dependencies = (
			);
			name = "deezer-chart";
			productName = "deezer-chart";
			productReference = 70112BDC28A3E05800F4AC5D /* deezer-chart.app */;
			productType = "com.apple.product-type.application";
		};
/* End PBXNativeTarget section */

/* Begin PBXProject section */
		70112BD428A3E05800F4AC5D /* Project object */ = {
			isa = PBXProject;
			attributes = {
				BuildIndependentTargetsInParallel = 1;
				LastSwiftUpdateCheck = 1340;
				LastUpgradeCheck = 1340;
				TargetAttributes = {
					70112BDB28A3E05800F4AC5D = {
						CreatedOnToolsVersion = 13.4.1;
					};
				};
			};
			buildConfigurationList = 70112BD728A3E05800F4AC5D /* Build configuration list for PBXProject "deezer-chart" */;
			compatibilityVersion = "Xcode 13.0";
			developmentRegion = en;
			hasScannedForEncodings = 0;
			knownRegions = (
				en,
				Base,
			);
			mainGroup = 70112BD328A3E05800F4AC5D;
			productRefGroup = 70112BDD28A3E05800F4AC5D /* Products */;
			projectDirPath = "";
			projectRoot = "";
			targets = (
				70112BDB28A3E05800F4AC5D /* deezer-chart */,
			);
		};
/* End PBXProject section */

/* Begin PBXResourcesBuildPhase section */
		70112BDA28A3E05800F4AC5D /* Resources */ = {
			isa = PBXResourcesBuildPhase;
			buildActionMask = 2147483647;
			files = (
				70112BE728A3E05C00F4AC5D /* Preview Assets.xcassets in Resources */,
				70112BE428A3E05C00F4AC5D /* Assets.xcassets in Resources */,
			);
			runOnlyForDeploymentPostprocessing = 0;
		};
/* End PBXResourcesBuildPhase section */

/* Begin PBXShellScriptBuildPhase section */
		EFC63840525FCB5F50C740E0 /* [CP] Check Pods Manifest.lock */ = {
			isa = PBXShellScriptBuildPhase;
			buildActionMask = 2147483647;
			files = (
			);
			inputFileListPaths = (
			);
			inputPaths = (
				"${PODS_PODFILE_DIR_PATH}/Podfile.lock",
				"${PODS_ROOT}/Manifest.lock",
			);
			name = "[CP] Check Pods Manifest.lock";
			outputFileListPaths = (
			);
			outputPaths = (
				"$(DERIVED_FILE_DIR)/Pods-deezer-chart-checkManifestLockResult.txt",
			);
			runOnlyForDeploymentPostprocessing = 0;
			shellPath = /bin/sh;
			shellScript = "diff \"${PODS_PODFILE_DIR_PATH}/Podfile.lock\" \"${PODS_ROOT}/Manifest.lock\" > /dev/null\nif [ $? != 0 ] ; then\n    # print error to STDERR\n    echo \"error: The sandbox is not in sync with the Podfile.lock. Run 'pod install' or update your CocoaPods installation.\" >&2\n    exit 1\nfi\n# This output is used by Xcode 'outputs' to avoid re-running this script phase.\necho \"SUCCESS\" > \"${SCRIPT_OUTPUT_FILE_0}\"\n";
			showEnvVarsInLog = 0;
		};
		F7C6CA578A04CAF0D9FA94BA /* [CP] Embed Pods Frameworks */ = {
			isa = PBXShellScriptBuildPhase;
			buildActionMask = 2147483647;
			files = (
			);
			inputFileListPaths = (
				"${PODS_ROOT}/Target Support Files/Pods-deezer-chart/Pods-deezer-chart-frameworks-${CONFIGURATION}-input-files.xcfilelist",
			);
			name = "[CP] Embed Pods Frameworks";
			outputFileListPaths = (
				"${PODS_ROOT}/Target Support Files/Pods-deezer-chart/Pods-deezer-chart-frameworks-${CONFIGURATION}-output-files.xcfilelist",
			);
			runOnlyForDeploymentPostprocessing = 0;
			shellPath = /bin/sh;
			shellScript = "\"${PODS_ROOT}/Target Support Files/Pods-deezer-chart/Pods-deezer-chart-frameworks.sh\"\n";
			showEnvVarsInLog = 0;
		};
/* End PBXShellScriptBuildPhase section */

/* Begin PBXSourcesBuildPhase section */
		70112BD828A3E05800F4AC5D /* Sources */ = {
			isa = PBXSourcesBuildPhase;
			buildActionMask = 2147483647;
			files = (
				70112BF328A3E30100F4AC5D /* Structures.swift in Sources */,
				70112BEE28A3E1F300F4AC5D /* DeezerAPI.swift in Sources */,
				70112BE228A3E05800F4AC5D /* ContentView.swift in Sources */,
				70112BE028A3E05800F4AC5D /* deezer_chartApp.swift in Sources */,
				70112BF028A3E2A700F4AC5D /* ExtensionTimeInterval.swift in Sources */,
			);
			runOnlyForDeploymentPostprocessing = 0;
		};
/* End PBXSourcesBuildPhase section */

/* Begin XCBuildConfiguration section */
		70112BE828A3E05C00F4AC5D /* Debug */ = {
			isa = XCBuildConfiguration;
			buildSettings = {
				ALWAYS_SEARCH_USER_PATHS = NO;
				CLANG_ANALYZER_NONNULL = YES;
				CLANG_ANALYZER_NUMBER_OBJECT_CONVERSION = YES_AGGRESSIVE;
				CLANG_CXX_LANGUAGE_STANDARD = "gnu++17";
				CLANG_ENABLE_MODULES = YES;
				CLANG_ENABLE_OBJC_ARC = YES;
				CLANG_ENABLE_OBJC_WEAK = YES;
				CLANG_WARN_BLOCK_CAPTURE_AUTORELEASING = YES;
				CLANG_WARN_BOOL_CONVERSION = YES;
				CLANG_WARN_COMMA = YES;
				CLANG_WARN_CONSTANT_CONVERSION = YES;
				CLANG_WARN_DEPRECATED_OBJC_IMPLEMENTATIONS = YES;
				CLANG_WARN_DIRECT_OBJC_ISA_USAGE = YES_ERROR;
				CLANG_WARN_DOCUMENTATION_COMMENTS = YES;
				CLANG_WARN_EMPTY_BODY = YES;
				CLANG_WARN_ENUM_CONVERSION = YES;
				CLANG_WARN_INFINITE_RECURSION = YES;
				CLANG_WARN_INT_CONVERSION = YES;
				CLANG_WARN_NON_LITERAL_NULL_CONVERSION = YES;
				CLANG_WARN_OBJC_IMPLICIT_RETAIN_SELF = YES;
				CLANG_WARN_OBJC_LITERAL_CONVERSION = YES;
				CLANG_WARN_OBJC_ROOT_CLASS = YES_ERROR;
				CLANG_WARN_QUOTED_INCLUDE_IN_FRAMEWORK_HEADER = YES;
				CLANG_WARN_RANGE_LOOP_ANALYSIS = YES;
				CLANG_WARN_STRICT_PROTOTYPES = YES;
				CLANG_WARN_SUSPICIOUS_MOVE = YES;
				CLANG_WARN_UNGUARDED_AVAILABILITY = YES_AGGRESSIVE;
				CLANG_WARN_UNREACHABLE_CODE = YES;
				CLANG_WARN__DUPLICATE_METHOD_MATCH = YES;
				COPY_PHASE_STRIP = NO;
				DEBUG_INFORMATION_FORMAT = dwarf;
				ENABLE_STRICT_OBJC_MSGSEND = YES;
				ENABLE_TESTABILITY = YES;
				GCC_C_LANGUAGE_STANDARD = gnu11;
				GCC_DYNAMIC_NO_PIC = NO;
				GCC_NO_COMMON_BLOCKS = YES;
				GCC_OPTIMIZATION_LEVEL = 0;
				GCC_PREPROCESSOR_DEFINITIONS = (
					"DEBUG=1",
					"$(inherited)",
				);
				GCC_WARN_64_TO_32_BIT_CONVERSION = YES;
				GCC_WARN_ABOUT_RETURN_TYPE = YES_ERROR;
				GCC_WARN_UNDECLARED_SELECTOR = YES;
				GCC_WARN_UNINITIALIZED_AUTOS = YES_AGGRESSIVE;
				GCC_WARN_UNUSED_FUNCTION = YES;
				GCC_WARN_UNUSED_VARIABLE = YES;
				IPHONEOS_DEPLOYMENT_TARGET = 15.5;
				MTL_ENABLE_DEBUG_INFO = INCLUDE_SOURCE;
				MTL_FAST_MATH = YES;
				ONLY_ACTIVE_ARCH = YES;
				SDKROOT = iphoneos;
				SWIFT_ACTIVE_COMPILATION_CONDITIONS = DEBUG;
				SWIFT_OPTIMIZATION_LEVEL = "-Onone";
			};
			name = Debug;
		};
		70112BE928A3E05C00F4AC5D /* Release */ = {
			isa = XCBuildConfiguration;
			buildSettings = {
				ALWAYS_SEARCH_USER_PATHS = NO;
				CLANG_ANALYZER_NONNULL = YES;
				CLANG_ANALYZER_NUMBER_OBJECT_CONVERSION = YES_AGGRESSIVE;
				CLANG_CXX_LANGUAGE_STANDARD = "gnu++17";
				CLANG_ENABLE_MODULES = YES;
				CLANG_ENABLE_OBJC_ARC = YES;
				CLANG_ENABLE_OBJC_WEAK = YES;
				CLANG_WARN_BLOCK_CAPTURE_AUTORELEASING = YES;
				CLANG_WARN_BOOL_CONVERSION = YES;
				CLANG_WARN_COMMA = YES;
				CLANG_WARN_CONSTANT_CONVERSION = YES;
				CLANG_WARN_DEPRECATED_OBJC_IMPLEMENTATIONS = YES;
				CLANG_WARN_DIRECT_OBJC_ISA_USAGE = YES_ERROR;
				CLANG_WARN_DOCUMENTATION_COMMENTS = YES;
				CLANG_WARN_EMPTY_BODY = YES;
				CLANG_WARN_ENUM_CONVERSION = YES;
				CLANG_WARN_INFINITE_RECURSION = YES;
				CLANG_WARN_INT_CONVERSION = YES;
				CLANG_WARN_NON_LITERAL_NULL_CONVERSION = YES;
				CLANG_WARN_OBJC_IMPLICIT_RETAIN_SELF = YES;
				CLANG_WARN_OBJC_LITERAL_CONVERSION = YES;
				CLANG_WARN_OBJC_ROOT_CLASS = YES_ERROR;
				CLANG_WARN_QUOTED_INCLUDE_IN_FRAMEWORK_HEADER = YES;
				CLANG_WARN_RANGE_LOOP_ANALYSIS = YES;
				CLANG_WARN_STRICT_PROTOTYPES = YES;
				CLANG_WARN_SUSPICIOUS_MOVE = YES;
				CLANG_WARN_UNGUARDED_AVAILABILITY = YES_AGGRESSIVE;
				CLANG_WARN_UNREACHABLE_CODE = YES;
				CLANG_WARN__DUPLICATE_METHOD_MATCH = YES;
				COPY_PHASE_STRIP = NO;
				DEBUG_INFORMATION_FORMAT = "dwarf-with-dsym";
				ENABLE_NS_ASSERTIONS = NO;
				ENABLE_STRICT_OBJC_MSGSEND = YES;
				GCC_C_LANGUAGE_STANDARD = gnu11;
				GCC_NO_COMMON_BLOCKS = YES;
				GCC_WARN_64_TO_32_BIT_CONVERSION = YES;
				GCC_WARN_ABOUT_RETURN_TYPE = YES_ERROR;
				GCC_WARN_UNDECLARED_SELECTOR = YES;
				GCC_WARN_UNINITIALIZED_AUTOS = YES_AGGRESSIVE;
				GCC_WARN_UNUSED_FUNCTION = YES;
				GCC_WARN_UNUSED_VARIABLE = YES;
				IPHONEOS_DEPLOYMENT_TARGET = 15.5;
				MTL_ENABLE_DEBUG_INFO = NO;
				MTL_FAST_MATH = YES;
				SDKROOT = iphoneos;
				SWIFT_COMPILATION_MODE = wholemodule;
				SWIFT_OPTIMIZATION_LEVEL = "-O";
				VALIDATE_PRODUCT = YES;
			};
			name = Release;
		};
		70112BEB28A3E05C00F4AC5D /* Debug */ = {
			isa = XCBuildConfiguration;
			baseConfigurationReference = AD19B87C52FF2B41A8C8AF98 /* Pods-deezer-chart.debug.xcconfig */;
			buildSettings = {
				ASSETCATALOG_COMPILER_APPICON_NAME = AppIcon;
				ASSETCATALOG_COMPILER_GLOBAL_ACCENT_COLOR_NAME = AccentColor;
				CODE_SIGN_STYLE = Automatic;
				CURRENT_PROJECT_VERSION = 1;
				DEVELOPMENT_ASSET_PATHS = "\"deezer-chart/Preview Content\"";
				DEVELOPMENT_TEAM = RYL5V28X4W;
				ENABLE_PREVIEWS = YES;
				GENERATE_INFOPLIST_FILE = YES;
				INFOPLIST_KEY_UIApplicationSceneManifest_Generation = YES;
				INFOPLIST_KEY_UIApplicationSupportsIndirectInputEvents = YES;
				INFOPLIST_KEY_UILaunchScreen_Generation = YES;
				INFOPLIST_KEY_UISupportedInterfaceOrientations_iPad = "UIInterfaceOrientationPortrait UIInterfaceOrientationPortraitUpsideDown UIInterfaceOrientationLandscapeLeft UIInterfaceOrientationLandscapeRight";
				INFOPLIST_KEY_UISupportedInterfaceOrientations_iPhone = "UIInterfaceOrientationPortrait UIInterfaceOrientationLandscapeLeft UIInterfaceOrientationLandscapeRight";
				LD_RUNPATH_SEARCH_PATHS = (
					"$(inherited)",
					"@executable_path/Frameworks",
				);
				MARKETING_VERSION = 1.0;
				PRODUCT_BUNDLE_IDENTIFIER = "by.kefaxoo.deezer-chart";
				PRODUCT_NAME = "$(TARGET_NAME)";
				SWIFT_EMIT_LOC_STRINGS = YES;
				SWIFT_VERSION = 5.0;
				TARGETED_DEVICE_FAMILY = "1,2";
			};
			name = Debug;
		};
		70112BEC28A3E05C00F4AC5D /* Release */ = {
			isa = XCBuildConfiguration;
			baseConfigurationReference = 7B2A72979C68348E301DF6A8 /* Pods-deezer-chart.release.xcconfig */;
			buildSettings = {
				ASSETCATALOG_COMPILER_APPICON_NAME = AppIcon;
				ASSETCATALOG_COMPILER_GLOBAL_ACCENT_COLOR_NAME = AccentColor;
				CODE_SIGN_STYLE = Automatic;
				CURRENT_PROJECT_VERSION = 1;
				DEVELOPMENT_ASSET_PATHS = "\"deezer-chart/Preview Content\"";
				DEVELOPMENT_TEAM = RYL5V28X4W;
				ENABLE_PREVIEWS = YES;
				GENERATE_INFOPLIST_FILE = YES;
				INFOPLIST_KEY_UIApplicationSceneManifest_Generation = YES;
				INFOPLIST_KEY_UIApplicationSupportsIndirectInputEvents = YES;
				INFOPLIST_KEY_UILaunchScreen_Generation = YES;
				INFOPLIST_KEY_UISupportedInterfaceOrientations_iPad = "UIInterfaceOrientationPortrait UIInterfaceOrientationPortraitUpsideDown UIInterfaceOrientationLandscapeLeft UIInterfaceOrientationLandscapeRight";
				INFOPLIST_KEY_UISupportedInterfaceOrientations_iPhone = "UIInterfaceOrientationPortrait UIInterfaceOrientationLandscapeLeft UIInterfaceOrientationLandscapeRight";
				LD_RUNPATH_SEARCH_PATHS = (
					"$(inherited)",
					"@executable_path/Frameworks",
				);
				MARKETING_VERSION = 1.0;
				PRODUCT_BUNDLE_IDENTIFIER = "by.kefaxoo.deezer-chart";
				PRODUCT_NAME = "$(TARGET_NAME)";
				SWIFT_EMIT_LOC_STRINGS = YES;
				SWIFT_VERSION = 5.0;
				TARGETED_DEVICE_FAMILY = "1,2";
			};
			name = Release;
		};
/* End XCBuildConfiguration section */

/* Begin XCConfigurationList section */
		70112BD728A3E05800F4AC5D /* Build configuration list for PBXProject "deezer-chart" */ = {
			isa = XCConfigurationList;
			buildConfigurations = (
				70112BE828A3E05C00F4AC5D /* Debug */,
				70112BE928A3E05C00F4AC5D /* Release */,
			);
			defaultConfigurationIsVisible = 0;
			defaultConfigurationName = Release;
		};
		70112BEA28A3E05C00F4AC5D /* Build configuration list for PBXNativeTarget "deezer-chart" */ = {
			isa = XCConfigurationList;
			buildConfigurations = (
				70112BEB28A3E05C00F4AC5D /* Debug */,
				70112BEC28A3E05C00F4AC5D /* Release */,
			);
			defaultConfigurationIsVisible = 0;
			defaultConfigurationName = Release;
		};
/* End XCConfigurationList section */
	};
	rootObject = 70112BD428A3E05800F4AC5D /* Project object */;
}
